
Microsoft Visual Studio Solution File, Format Version 12.00
# Visual Studio Version 17
VisualStudioVersion = 17.9.34622.214
MinimumVisualStudioVersion = 10.0.40219.1
Project("{FAE04EC0-301F-11D3-BF4B-00C04F79EFBC}") = "UserService", "UserService\UserService.csproj", "{FE4F42C6-5021-4B8D-BAAB-1A45FC126C08}"
EndProject
Project("{FAE04EC0-301F-11D3-BF4B-00C04F79EFBC}") = "PostService", "PostService\PostService.csproj", "{5BC43772-2A42-44B9-A873-2A93D5E17CD8}"
EndProject
Global
	GlobalSection(SolutionConfigurationPlatforms) = preSolution
		Debug|Any CPU = Debug|Any CPU
		Release|Any CPU = Release|Any CPU
	EndGlobalSection
	GlobalSection(ProjectConfigurationPlatforms) = postSolution
		{FE4F42C6-5021-4B8D-BAAB-1A45FC126C08}.Debug|Any CPU.ActiveCfg = Debug|Any CPU
		{FE4F42C6-5021-4B8D-BAAB-1A45FC126C08}.Debug|Any CPU.Build.0 = Debug|Any CPU
		{FE4F42C6-5021-4B8D-BAAB-1A45FC126C08}.Release|Any CPU.ActiveCfg = Release|Any CPU
		{FE4F42C6-5021-4B8D-BAAB-1A45FC126C08}.Release|Any CPU.Build.0 = Release|Any CPU
		{5BC43772-2A42-44B9-A873-2A93D5E17CD8}.Debug|Any CPU.ActiveCfg = Debug|Any CPU
		{5BC43772-2A42-44B9-A873-2A93D5E17CD8}.Debug|Any CPU.Build.0 = Debug|Any CPU
		{5BC43772-2A42-44B9-A873-2A93D5E17CD8}.Release|Any CPU.ActiveCfg = Release|Any CPU
		{5BC43772-2A42-44B9-A873-2A93D5E17CD8}.Release|Any CPU.Build.0 = Release|Any CPU
	EndGlobalSection
	GlobalSection(SolutionProperties) = preSolution
		HideSolutionNode = FALSE
	EndGlobalSection
	GlobalSection(ExtensibilityGlobals) = postSolution
		SolutionGuid = {03FE3BFF-6859-43FD-800A-4A0A0D15C310}
	EndGlobalSection
EndGlobal
